
Microsoft Visual Studio Solution File, Format Version 12.00
# Visual Studio Version 17
VisualStudioVersion = 17.14.36429.23 d17.14
MinimumVisualStudioVersion = 10.0.40219.1
Project("{2150E333-8FDC-42A3-9474-1A3956D46DE8}") = "Task0", "Task0", "{36D591C7-65C7-A0D1-1CBC-10CDE441BDC8}"
EndProject
Project("{FAE04EC0-301F-11D3-BF4B-00C04F79EFBC}") = "Tyuiu.TsvetkovRA.Sprint2.Task0.V15", "Tyuiu.TsvetkovRA.Sprint2.Task0.V15\Tyuiu.TsvetkovRA.Sprint2.Task0.V15.csproj", "{26FDE6ED-DDE8-4D93-B75F-1E83BCF88243}"
EndProject
Project("{FAE04EC0-301F-11D3-BF4B-00C04F79EFBC}") = "Tyuiu.TsvetkovRA.Sprint2.Task0.V15.Lib", "Tyuiu.TsvetkovRA.Sprint2.Task0.V15.Lib\Tyuiu.TsvetkovRA.Sprint2.Task0.V15.Lib.csproj", "{9D89238C-5FA8-4AA0-94CF-9067FECAF11A}"
EndProject
Project("{FAE04EC0-301F-11D3-BF4B-00C04F79EFBC}") = "Tyuiu.TsvetkovRA.Sprint2.Task0.V15.Test", "Tyuiu.TsvetkovRA.Sprint2.Task0.V15.Test\Tyuiu.TsvetkovRA.Sprint2.Task0.V15.Test.csproj", "{3DB876F4-0654-4EAD-B39F-5351FA2EB989}"
EndProject
Global
	GlobalSection(SolutionConfigurationPlatforms) = preSolution
		Debug|Any CPU = Debug|Any CPU
		Release|Any CPU = Release|Any CPU
	EndGlobalSection
	GlobalSection(ProjectConfigurationPlatforms) = postSolution
		{26FDE6ED-DDE8-4D93-B75F-1E83BCF88243}.Debug|Any CPU.ActiveCfg = Debug|Any CPU
		{26FDE6ED-DDE8-4D93-B75F-1E83BCF88243}.Debug|Any CPU.Build.0 = Debug|Any CPU
		{26FDE6ED-DDE8-4D93-B75F-1E83BCF88243}.Release|Any CPU.ActiveCfg = Release|Any CPU
		{26FDE6ED-DDE8-4D93-B75F-1E83BCF88243}.Release|Any CPU.Build.0 = Release|Any CPU
		{9D89238C-5FA8-4AA0-94CF-9067FECAF11A}.Debug|Any CPU.ActiveCfg = Debug|Any CPU
		{9D89238C-5FA8-4AA0-94CF-9067FECAF11A}.Debug|Any CPU.Build.0 = Debug|Any CPU
		{9D89238C-5FA8-4AA0-94CF-9067FECAF11A}.Release|Any CPU.ActiveCfg = Release|Any CPU
		{9D89238C-5FA8-4AA0-94CF-9067FECAF11A}.Release|Any CPU.Build.0 = Release|Any CPU
		{3DB876F4-0654-4EAD-B39F-5351FA2EB989}.Debug|Any CPU.ActiveCfg = Debug|Any CPU
		{3DB876F4-0654-4EAD-B39F-5351FA2EB989}.Debug|Any CPU.Build.0 = Debug|Any CPU
		{3DB876F4-0654-4EAD-B39F-5351FA2EB989}.Release|Any CPU.ActiveCfg = Release|Any CPU
		{3DB876F4-0654-4EAD-B39F-5351FA2EB989}.Release|Any CPU.Build.0 = Release|Any CPU
	EndGlobalSection
	GlobalSection(SolutionProperties) = preSolution
		HideSolutionNode = FALSE
	EndGlobalSection
	GlobalSection(NestedProjects) = preSolution
		{26FDE6ED-DDE8-4D93-B75F-1E83BCF88243} = {36D591C7-65C7-A0D1-1CBC-10CDE441BDC8}
		{9D89238C-5FA8-4AA0-94CF-9067FECAF11A} = {36D591C7-65C7-A0D1-1CBC-10CDE441BDC8}
		{3DB876F4-0654-4EAD-B39F-5351FA2EB989} = {36D591C7-65C7-A0D1-1CBC-10CDE441BDC8}
	EndGlobalSection
	GlobalSection(ExtensibilityGlobals) = postSolution
		SolutionGuid = {3A8B8AA9-955E-4C33-9C0E-246DD4381ADB}
	EndGlobalSection
EndGlobal
